
Microsoft Visual Studio Solution File, Format Version 12.00
# Visual Studio 15
Project("{FAE04EC0-301F-11D3-BF4B-00C04F79EFBC}") = "Minature Developments Game", "Assembly-CSharp-firstpass.csproj", "{C2EAC62A-D0D5-4DED-B3FC-F5D794970AEC}"
EndProject
Project("{FAE04EC0-301F-11D3-BF4B-00C04F79EFBC}") = "Minature Developments Game", "Assembly-CSharp.csproj", "{A0ED8715-D038-2295-1B90-0BC9A9B7F1B0}"
EndProject
Project("{FAE04EC0-301F-11D3-BF4B-00C04F79EFBC}") = "Minature Developments Game", "Assembly-CSharp-Editor.csproj", "{11F90372-45FF-32F7-5BD9-D2DA2A7F3956}"
EndProject
Global
	GlobalSection(SolutionConfigurationPlatforms) = preSolution
		Debug|Any CPU = Debug|Any CPU
		Release|Any CPU = Release|Any CPU
	EndGlobalSection
	GlobalSection(ProjectConfigurationPlatforms) = postSolution
		{C2EAC62A-D0D5-4DED-B3FC-F5D794970AEC}.Debug|Any CPU.ActiveCfg = Debug|Any CPU
		{C2EAC62A-D0D5-4DED-B3FC-F5D794970AEC}.Debug|Any CPU.Build.0 = Debug|Any CPU
		{C2EAC62A-D0D5-4DED-B3FC-F5D794970AEC}.Release|Any CPU.ActiveCfg = Release|Any CPU
		{C2EAC62A-D0D5-4DED-B3FC-F5D794970AEC}.Release|Any CPU.Build.0 = Release|Any CPU
		{A0ED8715-D038-2295-1B90-0BC9A9B7F1B0}.Debug|Any CPU.ActiveCfg = Debug|Any CPU
		{A0ED8715-D038-2295-1B90-0BC9A9B7F1B0}.Debug|Any CPU.Build.0 = Debug|Any CPU
		{A0ED8715-D038-2295-1B90-0BC9A9B7F1B0}.Release|Any CPU.ActiveCfg = Release|Any CPU
		{A0ED8715-D038-2295-1B90-0BC9A9B7F1B0}.Release|Any CPU.Build.0 = Release|Any CPU
		{11F90372-45FF-32F7-5BD9-D2DA2A7F3956}.Debug|Any CPU.ActiveCfg = Debug|Any CPU
		{11F90372-45FF-32F7-5BD9-D2DA2A7F3956}.Debug|Any CPU.Build.0 = Debug|Any CPU
		{11F90372-45FF-32F7-5BD9-D2DA2A7F3956}.Release|Any CPU.ActiveCfg = Release|Any CPU
		{11F90372-45FF-32F7-5BD9-D2DA2A7F3956}.Release|Any CPU.Build.0 = Release|Any CPU
	EndGlobalSection
	GlobalSection(SolutionProperties) = preSolution
		HideSolutionNode = FALSE
	EndGlobalSection
EndGlobal
